
Microsoft Visual Studio Solution File, Format Version 12.00
# Visual Studio 2012
Project("{FAE04EC0-301F-11D3-BF4B-00C04F79EFBC}") = "TabbedApplication", "TabbedApplication\TabbedApplication.csproj", "{014D2FDA-483F-47F4-AC9C-24FCA491B74F}"
EndProject
Global
	GlobalSection(SolutionConfigurationPlatforms) = preSolution
		Debug|iPhoneSimulator = Debug|iPhoneSimulator
		Release|iPhone = Release|iPhone
		Release|iPhoneSimulator = Release|iPhoneSimulator
		Debug|iPhone = Debug|iPhone
	EndGlobalSection
	GlobalSection(ProjectConfigurationPlatforms) = postSolution
		{014D2FDA-483F-47F4-AC9C-24FCA491B74F}.Debug|iPhoneSimulator.ActiveCfg = Debug|iPhoneSimulator
		{014D2FDA-483F-47F4-AC9C-24FCA491B74F}.Debug|iPhoneSimulator.Build.0 = Debug|iPhoneSimulator
		{014D2FDA-483F-47F4-AC9C-24FCA491B74F}.Release|iPhone.ActiveCfg = Release|iPhone
		{014D2FDA-483F-47F4-AC9C-24FCA491B74F}.Release|iPhone.Build.0 = Release|iPhone
		{014D2FDA-483F-47F4-AC9C-24FCA491B74F}.Release|iPhoneSimulator.ActiveCfg = Release|iPhoneSimulator
		{014D2FDA-483F-47F4-AC9C-24FCA491B74F}.Release|iPhoneSimulator.Build.0 = Release|iPhoneSimulator
		{014D2FDA-483F-47F4-AC9C-24FCA491B74F}.Debug|iPhone.ActiveCfg = Debug|iPhone
		{014D2FDA-483F-47F4-AC9C-24FCA491B74F}.Debug|iPhone.Build.0 = Debug|iPhone
	EndGlobalSection
EndGlobal
